
Microsoft Visual Studio Solution File, Format Version 12.00
# Visual Studio 15
VisualStudioVersion = 15.0.28307.852
MinimumVisualStudioVersion = 10.0.40219.1
Project("{FAE04EC0-301F-11D3-BF4B-00C04F79EFBC}") = "bookPjt", "bookPjt\bookPjt.csproj", "{B3C0F90F-BE9D-492A-96CD-50F2AD2C23D5}"
EndProject
Global
	GlobalSection(SolutionConfigurationPlatforms) = preSolution
		Debug|Any CPU = Debug|Any CPU
		Release|Any CPU = Release|Any CPU
	EndGlobalSection
	GlobalSection(ProjectConfigurationPlatforms) = postSolution
		{B3C0F90F-BE9D-492A-96CD-50F2AD2C23D5}.Debug|Any CPU.ActiveCfg = Debug|Any CPU
		{B3C0F90F-BE9D-492A-96CD-50F2AD2C23D5}.Debug|Any CPU.Build.0 = Debug|Any CPU
		{B3C0F90F-BE9D-492A-96CD-50F2AD2C23D5}.Release|Any CPU.ActiveCfg = Release|Any CPU
		{B3C0F90F-BE9D-492A-96CD-50F2AD2C23D5}.Release|Any CPU.Build.0 = Release|Any CPU
	EndGlobalSection
	GlobalSection(SolutionProperties) = preSolution
		HideSolutionNode = FALSE
	EndGlobalSection
	GlobalSection(ExtensibilityGlobals) = postSolution
		SolutionGuid = {4603696A-929E-4E25-B50D-CFFBF9D1922C}
	EndGlobalSection
EndGlobal
